
Microsoft Visual Studio Solution File, Format Version 12.00
# Visual Studio Version 17
VisualStudioVersion = 17.0.31903.59
MinimumVisualStudioVersion = 10.0.40219.1
Project("{2150E333-8FDC-42A3-9474-1A3956D46DE8}") = "src", "src", "{827E0CD3-B72D-47B6-A68D-7590B98EB39B}"
EndProject
Project("{2150E333-8FDC-42A3-9474-1A3956D46DE8}") = "Modules", "Modules", "{EC447DCF-ABFA-6E24-52A5-D7FD48A5C558}"
EndProject
Project("{2150E333-8FDC-42A3-9474-1A3956D46DE8}") = "HR", "HR", "{6EBCFD33-7D2C-6F0C-B60B-6B70B57F5713}"
EndProject
Project("{FAE04EC0-301F-11D3-BF4B-00C04F79EFBC}") = "Nexus.Erp.Modules.HR.Application", "src\Modules\HR\Nexus.Erp.Modules.HR.Application\Nexus.Erp.Modules.HR.Application.csproj", "{EBC54468-907F-424A-A2BC-90EE57E5F555}"
EndProject
Project("{FAE04EC0-301F-11D3-BF4B-00C04F79EFBC}") = "Nexus.Erp.Modules.HR.Domain", "src\Modules\HR\Nexus.Erp.Modules.HR.Domain\Nexus.Erp.Modules.HR.Domain.csproj", "{F24E07D6-DC93-439E-B340-E731E80506A9}"
EndProject
Project("{FAE04EC0-301F-11D3-BF4B-00C04F79EFBC}") = "Nexus.Erp.Modules.HR.Infrastructure", "src\Modules\HR\Nexus.Erp.Modules.HR.Infrastructure\Nexus.Erp.Modules.HR.Infrastructure.csproj", "{C6BC5B3C-F535-4F20-A123-8C32EBEF25C1}"
EndProject
Project("{FAE04EC0-301F-11D3-BF4B-00C04F79EFBC}") = "Nexus.Erp.Modules.HR.Presentation", "src\Modules\HR\Nexus.Erp.Modules.HR.Presentation\Nexus.Erp.Modules.HR.Presentation.csproj", "{7DDF9338-E42A-480E-9B6A-BD06BBEFC111}"
EndProject
Project("{FAE04EC0-301F-11D3-BF4B-00C04F79EFBC}") = "Nexus.Erp.Modules.Identity.Application", "src\Modules\Identity\Nexus.Erp.Modules.Identity.Application\Nexus.Erp.Modules.Identity.Application.csproj", "{984E5787-9557-4DAD-9BC7-1CA0E3D2117F}"
EndProject
Project("{FAE04EC0-301F-11D3-BF4B-00C04F79EFBC}") = "Nexus.Erp.Modules.Identity.Domain", "src\Modules\Identity\Nexus.Erp.Modules.Identity.Domain\Nexus.Erp.Modules.Identity.Domain.csproj", "{35857E43-1D2E-4E22-B033-6CE61FE189DD}"
EndProject
Project("{FAE04EC0-301F-11D3-BF4B-00C04F79EFBC}") = "Nexus.Erp.Modules.Identity.Infrastructure", "src\Modules\Identity\Nexus.Erp.Modules.Identity.Infrastructure\Nexus.Erp.Modules.Identity.Infrastructure.csproj", "{192F12F1-5F48-4DDC-9632-F1DFAB32BB48}"
EndProject
Project("{FAE04EC0-301F-11D3-BF4B-00C04F79EFBC}") = "Nexus.Erp.Modules.Identity.Presentation", "src\Modules\Identity\Nexus.Erp.Modules.Identity.Presentation\Nexus.Erp.Modules.Identity.Presentation.csproj", "{E4B4037F-889B-4F77-AA3D-AE493305A5A5}"
EndProject
Project("{FAE04EC0-301F-11D3-BF4B-00C04F79EFBC}") = "Nexus.Erp.Modules.Inventory.Application", "src\Modules\Inventory\Nexus.Erp.Modules.Inventory.Application\Nexus.Erp.Modules.Inventory.Application.csproj", "{99781A7A-6DC5-430D-99C3-D45949DEE635}"
EndProject
Project("{FAE04EC0-301F-11D3-BF4B-00C04F79EFBC}") = "Nexus.Erp.Modules.Inventory.Domain", "src\Modules\Inventory\Nexus.Erp.Modules.Inventory.Domain\Nexus.Erp.Modules.Inventory.Domain.csproj", "{9950BF00-B93D-471A-846F-FE8E823B8BDE}"
EndProject
Project("{FAE04EC0-301F-11D3-BF4B-00C04F79EFBC}") = "Nexus.Erp.Modules.Inventory.Infrastructure", "src\Modules\Inventory\Nexus.Erp.Modules.Inventory.Infrastructure\Nexus.Erp.Modules.Inventory.Infrastructure.csproj", "{A6FB3762-6A5F-491E-929F-8A63AC8D2CC7}"
EndProject
Project("{FAE04EC0-301F-11D3-BF4B-00C04F79EFBC}") = "Nexus.Erp.Modules.Inventory.Presentation", "src\Modules\Inventory\Nexus.Erp.Modules.Inventory.Presentation\Nexus.Erp.Modules.Inventory.Presentation.csproj", "{F7EACFE6-1B4D-4A79-AF43-C348B20AB956}"
EndProject
Project("{FAE04EC0-301F-11D3-BF4B-00C04F79EFBC}") = "Nexus.Erp.Api", "src\Nexus.Erp.Api\Nexus.Erp.Api.csproj", "{387FE5DA-0B41-4664-9955-23C3A0C64C34}"
EndProject
Project("{FAE04EC0-301F-11D3-BF4B-00C04F79EFBC}") = "Nexus.Erp.Application.Abstractions", "src\Shared\Nexus.Erp.Application.Abstractions\Nexus.Erp.Application.Abstractions.csproj", "{DEE12FA8-376F-4CF1-8DE9-015BF7B7A80B}"
EndProject
Project("{FAE04EC0-301F-11D3-BF4B-00C04F79EFBC}") = "Nexus.Erp.Infrastructure.Shared", "src\Shared\Nexus.Erp.Infrastructure.Shared\Nexus.Erp.Infrastructure.Shared.csproj", "{13B30F81-7861-47F8-BC81-E514B9D4EE36}"
EndProject
Project("{FAE04EC0-301F-11D3-BF4B-00C04F79EFBC}") = "Nexus.Erp.SharedKernel", "src\Shared\Nexus.Erp.SharedKernel\Nexus.Erp.SharedKernel.csproj", "{99F68174-11AD-4C9E-ACBC-E9AEBF07C00C}"
EndProject
Project("{FAE04EC0-301F-11D3-BF4B-00C04F79EFBC}") = "Nexus.Erp.Modules.HR.UnitTests", "tests\Modules\HR\Nexus.Erp.Modules.HR.UnitTests\Nexus.Erp.Modules.HR.UnitTests.csproj", "{F85AD631-3848-4B5B-9BEA-45ACE3A9268A}"
EndProject
Project("{FAE04EC0-301F-11D3-BF4B-00C04F79EFBC}") = "Nexus.Erp.Modules.Inventory.UnitTests", "tests\Modules\Inventory\Nexus.Erp.Modules.Inventory.UnitTests\Nexus.Erp.Modules.Inventory.UnitTests.csproj", "{7C428F29-1480-4CDE-8919-8FEB8E705006}"
EndProject
Project("{FAE04EC0-301F-11D3-BF4B-00C04F79EFBC}") = "Nexus.Erp.Api.IntegrationTests", "tests\Nexus.Erp.Api.IntegrationTests\Nexus.Erp.Api.IntegrationTests.csproj", "{2E4EF995-7BA9-49DF-9949-E4CCCFEE30B4}"
EndProject
Project("{FAE04EC0-301F-11D3-BF4B-00C04F79EFBC}") = "Nexus.Erp.ArchitectureTests", "tests\Nexus.Erp.ArchitectureTests\Nexus.Erp.ArchitectureTests.csproj", "{82ACA1AD-ADFD-4BFD-991F-1270AC2C20EF}"
EndProject
Global
	GlobalSection(SolutionConfigurationPlatforms) = preSolution
		Debug|Any CPU = Debug|Any CPU
		Debug|x64 = Debug|x64
		Debug|x86 = Debug|x86
		Release|Any CPU = Release|Any CPU
		Release|x64 = Release|x64
		Release|x86 = Release|x86
	EndGlobalSection
	GlobalSection(ProjectConfigurationPlatforms) = postSolution
		{EBC54468-907F-424A-A2BC-90EE57E5F555}.Debug|Any CPU.ActiveCfg = Debug|Any CPU
		{EBC54468-907F-424A-A2BC-90EE57E5F555}.Debug|Any CPU.Build.0 = Debug|Any CPU
		{EBC54468-907F-424A-A2BC-90EE57E5F555}.Debug|x64.ActiveCfg = Debug|Any CPU
		{EBC54468-907F-424A-A2BC-90EE57E5F555}.Debug|x64.Build.0 = Debug|Any CPU
		{EBC54468-907F-424A-A2BC-90EE57E5F555}.Debug|x86.ActiveCfg = Debug|Any CPU
		{EBC54468-907F-424A-A2BC-90EE57E5F555}.Debug|x86.Build.0 = Debug|Any CPU
		{EBC54468-907F-424A-A2BC-90EE57E5F555}.Release|Any CPU.ActiveCfg = Release|Any CPU
		{EBC54468-907F-424A-A2BC-90EE57E5F555}.Release|Any CPU.Build.0 = Release|Any CPU
		{EBC54468-907F-424A-A2BC-90EE57E5F555}.Release|x64.ActiveCfg = Release|Any CPU
		{EBC54468-907F-424A-A2BC-90EE57E5F555}.Release|x64.Build.0 = Release|Any CPU
		{EBC54468-907F-424A-A2BC-90EE57E5F555}.Release|x86.ActiveCfg = Release|Any CPU
		{EBC54468-907F-424A-A2BC-90EE57E5F555}.Release|x86.Build.0 = Release|Any CPU
		{F24E07D6-DC93-439E-B340-E731E80506A9}.Debug|Any CPU.ActiveCfg = Debug|Any CPU
		{F24E07D6-DC93-439E-B340-E731E80506A9}.Debug|Any CPU.Build.0 = Debug|Any CPU
		{F24E07D6-DC93-439E-B340-E731E80506A9}.Debug|x64.ActiveCfg = Debug|Any CPU
		{F24E07D6-DC93-439E-B340-E731E80506A9}.Debug|x64.Build.0 = Debug|Any CPU
		{F24E07D6-DC93-439E-B340-E731E80506A9}.Debug|x86.ActiveCfg = Debug|Any CPU
		{F24E07D6-DC93-439E-B340-E731E80506A9}.Debug|x86.Build.0 = Debug|Any CPU
		{F24E07D6-DC93-439E-B340-E731E80506A9}.Release|Any CPU.ActiveCfg = Release|Any CPU
		{F24E07D6-DC93-439E-B340-E731E80506A9}.Release|Any CPU.Build.0 = Release|Any CPU
		{F24E07D6-DC93-439E-B340-E731E80506A9}.Release|x64.ActiveCfg = Release|Any CPU
		{F24E07D6-DC93-439E-B340-E731E80506A9}.Release|x64.Build.0 = Release|Any CPU
		{F24E07D6-DC93-439E-B340-E731E80506A9}.Release|x86.ActiveCfg = Release|Any CPU
		{F24E07D6-DC93-439E-B340-E731E80506A9}.Release|x86.Build.0 = Release|Any CPU
		{C6BC5B3C-F535-4F20-A123-8C32EBEF25C1}.Debug|Any CPU.ActiveCfg = Debug|Any CPU
		{C6BC5B3C-F535-4F20-A123-8C32EBEF25C1}.Debug|Any CPU.Build.0 = Debug|Any CPU
		{C6BC5B3C-F535-4F20-A123-8C32EBEF25C1}.Debug|x64.ActiveCfg = Debug|Any CPU
		{C6BC5B3C-F535-4F20-A123-8C32EBEF25C1}.Debug|x64.Build.0 = Debug|Any CPU
		{C6BC5B3C-F535-4F20-A123-8C32EBEF25C1}.Debug|x86.ActiveCfg = Debug|Any CPU
		{C6BC5B3C-F535-4F20-A123-8C32EBEF25C1}.Debug|x86.Build.0 = Debug|Any CPU
		{C6BC5B3C-F535-4F20-A123-8C32EBEF25C1}.Release|Any CPU.ActiveCfg = Release|Any CPU
		{C6BC5B3C-F535-4F20-A123-8C32EBEF25C1}.Release|Any CPU.Build.0 = Release|Any CPU
		{C6BC5B3C-F535-4F20-A123-8C32EBEF25C1}.Release|x64.ActiveCfg = Release|Any CPU
		{C6BC5B3C-F535-4F20-A123-8C32EBEF25C1}.Release|x64.Build.0 = Release|Any CPU
		{C6BC5B3C-F535-4F20-A123-8C32EBEF25C1}.Release|x86.ActiveCfg = Release|Any CPU
		{C6BC5B3C-F535-4F20-A123-8C32EBEF25C1}.Release|x86.Build.0 = Release|Any CPU
		{7DDF9338-E42A-480E-9B6A-BD06BBEFC111}.Debug|Any CPU.ActiveCfg = Debug|Any CPU
		{7DDF9338-E42A-480E-9B6A-BD06BBEFC111}.Debug|Any CPU.Build.0 = Debug|Any CPU
		{7DDF9338-E42A-480E-9B6A-BD06BBEFC111}.Debug|x64.ActiveCfg = Debug|Any CPU
		{7DDF9338-E42A-480E-9B6A-BD06BBEFC111}.Debug|x64.Build.0 = Debug|Any CPU
		{7DDF9338-E42A-480E-9B6A-BD06BBEFC111}.Debug|x86.ActiveCfg = Debug|Any CPU
		{7DDF9338-E42A-480E-9B6A-BD06BBEFC111}.Debug|x86.Build.0 = Debug|Any CPU
		{7DDF9338-E42A-480E-9B6A-BD06BBEFC111}.Release|Any CPU.ActiveCfg = Release|Any CPU
		{7DDF9338-E42A-480E-9B6A-BD06BBEFC111}.Release|Any CPU.Build.0 = Release|Any CPU
		{7DDF9338-E42A-480E-9B6A-BD06BBEFC111}.Release|x64.ActiveCfg = Release|Any CPU
		{7DDF9338-E42A-480E-9B6A-BD06BBEFC111}.Release|x64.Build.0 = Release|Any CPU
		{7DDF9338-E42A-480E-9B6A-BD06BBEFC111}.Release|x86.ActiveCfg = Release|Any CPU
		{7DDF9338-E42A-480E-9B6A-BD06BBEFC111}.Release|x86.Build.0 = Release|Any CPU
		{984E5787-9557-4DAD-9BC7-1CA0E3D2117F}.Debug|Any CPU.ActiveCfg = Debug|Any CPU
		{984E5787-9557-4DAD-9BC7-1CA0E3D2117F}.Debug|Any CPU.Build.0 = Debug|Any CPU
		{984E5787-9557-4DAD-9BC7-1CA0E3D2117F}.Debug|x64.ActiveCfg = Debug|Any CPU
		{984E5787-9557-4DAD-9BC7-1CA0E3D2117F}.Debug|x64.Build.0 = Debug|Any CPU
		{984E5787-9557-4DAD-9BC7-1CA0E3D2117F}.Debug|x86.ActiveCfg = Debug|Any CPU
		{984E5787-9557-4DAD-9BC7-1CA0E3D2117F}.Debug|x86.Build.0 = Debug|Any CPU
		{984E5787-9557-4DAD-9BC7-1CA0E3D2117F}.Release|Any CPU.ActiveCfg = Release|Any CPU
		{984E5787-9557-4DAD-9BC7-1CA0E3D2117F}.Release|Any CPU.Build.0 = Release|Any CPU
		{984E5787-9557-4DAD-9BC7-1CA0E3D2117F}.Release|x64.ActiveCfg = Release|Any CPU
		{984E5787-9557-4DAD-9BC7-1CA0E3D2117F}.Release|x64.Build.0 = Release|Any CPU
		{984E5787-9557-4DAD-9BC7-1CA0E3D2117F}.Release|x86.ActiveCfg = Release|Any CPU
		{984E5787-9557-4DAD-9BC7-1CA0E3D2117F}.Release|x86.Build.0 = Release|Any CPU
		{35857E43-1D2E-4E22-B033-6CE61FE189DD}.Debug|Any CPU.ActiveCfg = Debug|Any CPU
		{35857E43-1D2E-4E22-B033-6CE61FE189DD}.Debug|Any CPU.Build.0 = Debug|Any CPU
		{35857E43-1D2E-4E22-B033-6CE61FE189DD}.Debug|x64.ActiveCfg = Debug|Any CPU
		{35857E43-1D2E-4E22-B033-6CE61FE189DD}.Debug|x64.Build.0 = Debug|Any CPU
		{35857E43-1D2E-4E22-B033-6CE61FE189DD}.Debug|x86.ActiveCfg = Debug|Any CPU
		{35857E43-1D2E-4E22-B033-6CE61FE189DD}.Debug|x86.Build.0 = Debug|Any CPU
		{35857E43-1D2E-4E22-B033-6CE61FE189DD}.Release|Any CPU.ActiveCfg = Release|Any CPU
		{35857E43-1D2E-4E22-B033-6CE61FE189DD}.Release|Any CPU.Build.0 = Release|Any CPU
		{35857E43-1D2E-4E22-B033-6CE61FE189DD}.Release|x64.ActiveCfg = Release|Any CPU
		{35857E43-1D2E-4E22-B033-6CE61FE189DD}.Release|x64.Build.0 = Release|Any CPU
		{35857E43-1D2E-4E22-B033-6CE61FE189DD}.Release|x86.ActiveCfg = Release|Any CPU
		{35857E43-1D2E-4E22-B033-6CE61FE189DD}.Release|x86.Build.0 = Release|Any CPU
		{192F12F1-5F48-4DDC-9632-F1DFAB32BB48}.Debug|Any CPU.ActiveCfg = Debug|Any CPU
		{192F12F1-5F48-4DDC-9632-F1DFAB32BB48}.Debug|Any CPU.Build.0 = Debug|Any CPU
		{192F12F1-5F48-4DDC-9632-F1DFAB32BB48}.Debug|x64.ActiveCfg = Debug|Any CPU
		{192F12F1-5F48-4DDC-9632-F1DFAB32BB48}.Debug|x64.Build.0 = Debug|Any CPU
		{192F12F1-5F48-4DDC-9632-F1DFAB32BB48}.Debug|x86.ActiveCfg = Debug|Any CPU
		{192F12F1-5F48-4DDC-9632-F1DFAB32BB48}.Debug|x86.Build.0 = Debug|Any CPU
		{192F12F1-5F48-4DDC-9632-F1DFAB32BB48}.Release|Any CPU.ActiveCfg = Release|Any CPU
		{192F12F1-5F48-4DDC-9632-F1DFAB32BB48}.Release|Any CPU.Build.0 = Release|Any CPU
		{192F12F1-5F48-4DDC-9632-F1DFAB32BB48}.Release|x64.ActiveCfg = Release|Any CPU
		{192F12F1-5F48-4DDC-9632-F1DFAB32BB48}.Release|x64.Build.0 = Release|Any CPU
		{192F12F1-5F48-4DDC-9632-F1DFAB32BB48}.Release|x86.ActiveCfg = Release|Any CPU
		{192F12F1-5F48-4DDC-9632-F1DFAB32BB48}.Release|x86.Build.0 = Release|Any CPU
		{E4B4037F-889B-4F77-AA3D-AE493305A5A5}.Debug|Any CPU.ActiveCfg = Debug|Any CPU
		{E4B4037F-889B-4F77-AA3D-AE493305A5A5}.Debug|Any CPU.Build.0 = Debug|Any CPU
		{E4B4037F-889B-4F77-AA3D-AE493305A5A5}.Debug|x64.ActiveCfg = Debug|Any CPU
		{E4B4037F-889B-4F77-AA3D-AE493305A5A5}.Debug|x64.Build.0 = Debug|Any CPU
		{E4B4037F-889B-4F77-AA3D-AE493305A5A5}.Debug|x86.ActiveCfg = Debug|Any CPU
		{E4B4037F-889B-4F77-AA3D-AE493305A5A5}.Debug|x86.Build.0 = Debug|Any CPU
		{E4B4037F-889B-4F77-AA3D-AE493305A5A5}.Release|Any CPU.ActiveCfg = Release|Any CPU
		{E4B4037F-889B-4F77-AA3D-AE493305A5A5}.Release|Any CPU.Build.0 = Release|Any CPU
		{E4B4037F-889B-4F77-AA3D-AE493305A5A5}.Release|x64.ActiveCfg = Release|Any CPU
		{E4B4037F-889B-4F77-AA3D-AE493305A5A5}.Release|x64.Build.0 = Release|Any CPU
		{E4B4037F-889B-4F77-AA3D-AE493305A5A5}.Release|x86.ActiveCfg = Release|Any CPU
		{E4B4037F-889B-4F77-AA3D-AE493305A5A5}.Release|x86.Build.0 = Release|Any CPU
		{99781A7A-6DC5-430D-99C3-D45949DEE635}.Debug|Any CPU.ActiveCfg = Debug|Any CPU
		{99781A7A-6DC5-430D-99C3-D45949DEE635}.Debug|Any CPU.Build.0 = Debug|Any CPU
		{99781A7A-6DC5-430D-99C3-D45949DEE635}.Debug|x64.ActiveCfg = Debug|Any CPU
		{99781A7A-6DC5-430D-99C3-D45949DEE635}.Debug|x64.Build.0 = Debug|Any CPU
		{99781A7A-6DC5-430D-99C3-D45949DEE635}.Debug|x86.ActiveCfg = Debug|Any CPU
		{99781A7A-6DC5-430D-99C3-D45949DEE635}.Debug|x86.Build.0 = Debug|Any CPU
		{99781A7A-6DC5-430D-99C3-D45949DEE635}.Release|Any CPU.ActiveCfg = Release|Any CPU
		{99781A7A-6DC5-430D-99C3-D45949DEE635}.Release|Any CPU.Build.0 = Release|Any CPU
		{99781A7A-6DC5-430D-99C3-D45949DEE635}.Release|x64.ActiveCfg = Release|Any CPU
		{99781A7A-6DC5-430D-99C3-D45949DEE635}.Release|x64.Build.0 = Release|Any CPU
		{99781A7A-6DC5-430D-99C3-D45949DEE635}.Release|x86.ActiveCfg = Release|Any CPU
		{99781A7A-6DC5-430D-99C3-D45949DEE635}.Release|x86.Build.0 = Release|Any CPU
		{9950BF00-B93D-471A-846F-FE8E823B8BDE}.Debug|Any CPU.ActiveCfg = Debug|Any CPU
		{9950BF00-B93D-471A-846F-FE8E823B8BDE}.Debug|Any CPU.Build.0 = Debug|Any CPU
		{9950BF00-B93D-471A-846F-FE8E823B8BDE}.Debug|x64.ActiveCfg = Debug|Any CPU
		{9950BF00-B93D-471A-846F-FE8E823B8BDE}.Debug|x64.Build.0 = Debug|Any CPU
		{9950BF00-B93D-471A-846F-FE8E823B8BDE}.Debug|x86.ActiveCfg = Debug|Any CPU
		{9950BF00-B93D-471A-846F-FE8E823B8BDE}.Debug|x86.Build.0 = Debug|Any CPU
		{9950BF00-B93D-471A-846F-FE8E823B8BDE}.Release|Any CPU.ActiveCfg = Release|Any CPU
		{9950BF00-B93D-471A-846F-FE8E823B8BDE}.Release|Any CPU.Build.0 = Release|Any CPU
		{9950BF00-B93D-471A-846F-FE8E823B8BDE}.Release|x64.ActiveCfg = Release|Any CPU
		{9950BF00-B93D-471A-846F-FE8E823B8BDE}.Release|x64.Build.0 = Release|Any CPU
		{9950BF00-B93D-471A-846F-FE8E823B8BDE}.Release|x86.ActiveCfg = Release|Any CPU
		{9950BF00-B93D-471A-846F-FE8E823B8BDE}.Release|x86.Build.0 = Release|Any CPU
		{A6FB3762-6A5F-491E-929F-8A63AC8D2CC7}.Debug|Any CPU.ActiveCfg = Debug|Any CPU
		{A6FB3762-6A5F-491E-929F-8A63AC8D2CC7}.Debug|Any CPU.Build.0 = Debug|Any CPU
		{A6FB3762-6A5F-491E-929F-8A63AC8D2CC7}.Debug|x64.ActiveCfg = Debug|Any CPU
		{A6FB3762-6A5F-491E-929F-8A63AC8D2CC7}.Debug|x64.Build.0 = Debug|Any CPU
		{A6FB3762-6A5F-491E-929F-8A63AC8D2CC7}.Debug|x86.ActiveCfg = Debug|Any CPU
		{A6FB3762-6A5F-491E-929F-8A63AC8D2CC7}.Debug|x86.Build.0 = Debug|Any CPU
		{A6FB3762-6A5F-491E-929F-8A63AC8D2CC7}.Release|Any CPU.ActiveCfg = Release|Any CPU
		{A6FB3762-6A5F-491E-929F-8A63AC8D2CC7}.Release|Any CPU.Build.0 = Release|Any CPU
		{A6FB3762-6A5F-491E-929F-8A63AC8D2CC7}.Release|x64.ActiveCfg = Release|Any CPU
		{A6FB3762-6A5F-491E-929F-8A63AC8D2CC7}.Release|x64.Build.0 = Release|Any CPU
		{A6FB3762-6A5F-491E-929F-8A63AC8D2CC7}.Release|x86.ActiveCfg = Release|Any CPU
		{A6FB3762-6A5F-491E-929F-8A63AC8D2CC7}.Release|x86.Build.0 = Release|Any CPU
		{F7EACFE6-1B4D-4A79-AF43-C348B20AB956}.Debug|Any CPU.ActiveCfg = Debug|Any CPU
		{F7EACFE6-1B4D-4A79-AF43-C348B20AB956}.Debug|Any CPU.Build.0 = Debug|Any CPU
		{F7EACFE6-1B4D-4A79-AF43-C348B20AB956}.Debug|x64.ActiveCfg = Debug|Any CPU
		{F7EACFE6-1B4D-4A79-AF43-C348B20AB956}.Debug|x64.Build.0 = Debug|Any CPU
		{F7EACFE6-1B4D-4A79-AF43-C348B20AB956}.Debug|x86.ActiveCfg = Debug|Any CPU
		{F7EACFE6-1B4D-4A79-AF43-C348B20AB956}.Debug|x86.Build.0 = Debug|Any CPU
		{F7EACFE6-1B4D-4A79-AF43-C348B20AB956}.Release|Any CPU.ActiveCfg = Release|Any CPU
		{F7EACFE6-1B4D-4A79-AF43-C348B20AB956}.Release|Any CPU.Build.0 = Release|Any CPU
		{F7EACFE6-1B4D-4A79-AF43-C348B20AB956}.Release|x64.ActiveCfg = Release|Any CPU
		{F7EACFE6-1B4D-4A79-AF43-C348B20AB956}.Release|x64.Build.0 = Release|Any CPU
		{F7EACFE6-1B4D-4A79-AF43-C348B20AB956}.Release|x86.ActiveCfg = Release|Any CPU
		{F7EACFE6-1B4D-4A79-AF43-C348B20AB956}.Release|x86.Build.0 = Release|Any CPU
		{387FE5DA-0B41-4664-9955-23C3A0C64C34}.Debug|Any CPU.ActiveCfg = Debug|Any CPU
		{387FE5DA-0B41-4664-9955-23C3A0C64C34}.Debug|Any CPU.Build.0 = Debug|Any CPU
		{387FE5DA-0B41-4664-9955-23C3A0C64C34}.Debug|x64.ActiveCfg = Debug|Any CPU
		{387FE5DA-0B41-4664-9955-23C3A0C64C34}.Debug|x64.Build.0 = Debug|Any CPU
		{387FE5DA-0B41-4664-9955-23C3A0C64C34}.Debug|x86.ActiveCfg = Debug|Any CPU
		{387FE5DA-0B41-4664-9955-23C3A0C64C34}.Debug|x86.Build.0 = Debug|Any CPU
		{387FE5DA-0B41-4664-9955-23C3A0C64C34}.Release|Any CPU.ActiveCfg = Release|Any CPU
		{387FE5DA-0B41-4664-9955-23C3A0C64C34}.Release|Any CPU.Build.0 = Release|Any CPU
		{387FE5DA-0B41-4664-9955-23C3A0C64C34}.Release|x64.ActiveCfg = Release|Any CPU
		{387FE5DA-0B41-4664-9955-23C3A0C64C34}.Release|x64.Build.0 = Release|Any CPU
		{387FE5DA-0B41-4664-9955-23C3A0C64C34}.Release|x86.ActiveCfg = Release|Any CPU
		{387FE5DA-0B41-4664-9955-23C3A0C64C34}.Release|x86.Build.0 = Release|Any CPU
		{DEE12FA8-376F-4CF1-8DE9-015BF7B7A80B}.Debug|Any CPU.ActiveCfg = Debug|Any CPU
		{DEE12FA8-376F-4CF1-8DE9-015BF7B7A80B}.Debug|Any CPU.Build.0 = Debug|Any CPU
		{DEE12FA8-376F-4CF1-8DE9-015BF7B7A80B}.Debug|x64.ActiveCfg = Debug|Any CPU
		{DEE12FA8-376F-4CF1-8DE9-015BF7B7A80B}.Debug|x64.Build.0 = Debug|Any CPU
		{DEE12FA8-376F-4CF1-8DE9-015BF7B7A80B}.Debug|x86.ActiveCfg = Debug|Any CPU
		{DEE12FA8-376F-4CF1-8DE9-015BF7B7A80B}.Debug|x86.Build.0 = Debug|Any CPU
		{DEE12FA8-376F-4CF1-8DE9-015BF7B7A80B}.Release|Any CPU.ActiveCfg = Release|Any CPU
		{DEE12FA8-376F-4CF1-8DE9-015BF7B7A80B}.Release|Any CPU.Build.0 = Release|Any CPU
		{DEE12FA8-376F-4CF1-8DE9-015BF7B7A80B}.Release|x64.ActiveCfg = Release|Any CPU
		{DEE12FA8-376F-4CF1-8DE9-015BF7B7A80B}.Release|x64.Build.0 = Release|Any CPU
		{DEE12FA8-376F-4CF1-8DE9-015BF7B7A80B}.Release|x86.ActiveCfg = Release|Any CPU
		{DEE12FA8-376F-4CF1-8DE9-015BF7B7A80B}.Release|x86.Build.0 = Release|Any CPU
		{13B30F81-7861-47F8-BC81-E514B9D4EE36}.Debug|Any CPU.ActiveCfg = Debug|Any CPU
		{13B30F81-7861-47F8-BC81-E514B9D4EE36}.Debug|Any CPU.Build.0 = Debug|Any CPU
		{13B30F81-7861-47F8-BC81-E514B9D4EE36}.Debug|x64.ActiveCfg = Debug|Any CPU
		{13B30F81-7861-47F8-BC81-E514B9D4EE36}.Debug|x64.Build.0 = Debug|Any CPU
		{13B30F81-7861-47F8-BC81-E514B9D4EE36}.Debug|x86.ActiveCfg = Debug|Any CPU
		{13B30F81-7861-47F8-BC81-E514B9D4EE36}.Debug|x86.Build.0 = Debug|Any CPU
		{13B30F81-7861-47F8-BC81-E514B9D4EE36}.Release|Any CPU.ActiveCfg = Release|Any CPU
		{13B30F81-7861-47F8-BC81-E514B9D4EE36}.Release|Any CPU.Build.0 = Release|Any CPU
		{13B30F81-7861-47F8-BC81-E514B9D4EE36}.Release|x64.ActiveCfg = Release|Any CPU
		{13B30F81-7861-47F8-BC81-E514B9D4EE36}.Release|x64.Build.0 = Release|Any CPU
		{13B30F81-7861-47F8-BC81-E514B9D4EE36}.Release|x86.ActiveCfg = Release|Any CPU
		{13B30F81-7861-47F8-BC81-E514B9D4EE36}.Release|x86.Build.0 = Release|Any CPU
		{99F68174-11AD-4C9E-ACBC-E9AEBF07C00C}.Debug|Any CPU.ActiveCfg = Debug|Any CPU
		{99F68174-11AD-4C9E-ACBC-E9AEBF07C00C}.Debug|Any CPU.Build.0 = Debug|Any CPU
		{99F68174-11AD-4C9E-ACBC-E9AEBF07C00C}.Debug|x64.ActiveCfg = Debug|Any CPU
		{99F68174-11AD-4C9E-ACBC-E9AEBF07C00C}.Debug|x64.Build.0 = Debug|Any CPU
		{99F68174-11AD-4C9E-ACBC-E9AEBF07C00C}.Debug|x86.ActiveCfg = Debug|Any CPU
		{99F68174-11AD-4C9E-ACBC-E9AEBF07C00C}.Debug|x86.Build.0 = Debug|Any CPU
		{99F68174-11AD-4C9E-ACBC-E9AEBF07C00C}.Release|Any CPU.ActiveCfg = Release|Any CPU
		{99F68174-11AD-4C9E-ACBC-E9AEBF07C00C}.Release|Any CPU.Build.0 = Release|Any CPU
		{99F68174-11AD-4C9E-ACBC-E9AEBF07C00C}.Release|x64.ActiveCfg = Release|Any CPU
		{99F68174-11AD-4C9E-ACBC-E9AEBF07C00C}.Release|x64.Build.0 = Release|Any CPU
		{99F68174-11AD-4C9E-ACBC-E9AEBF07C00C}.Release|x86.ActiveCfg = Release|Any CPU
		{99F68174-11AD-4C9E-ACBC-E9AEBF07C00C}.Release|x86.Build.0 = Release|Any CPU
		{F85AD631-3848-4B5B-9BEA-45ACE3A9268A}.Debug|Any CPU.ActiveCfg = Debug|Any CPU
		{F85AD631-3848-4B5B-9BEA-45ACE3A9268A}.Debug|Any CPU.Build.0 = Debug|Any CPU
		{F85AD631-3848-4B5B-9BEA-45ACE3A9268A}.Debug|x64.ActiveCfg = Debug|Any CPU
		{F85AD631-3848-4B5B-9BEA-45ACE3A9268A}.Debug|x64.Build.0 = Debug|Any CPU
		{F85AD631-3848-4B5B-9BEA-45ACE3A9268A}.Debug|x86.ActiveCfg = Debug|Any CPU
		{F85AD631-3848-4B5B-9BEA-45ACE3A9268A}.Debug|x86.Build.0 = Debug|Any CPU
		{F85AD631-3848-4B5B-9BEA-45ACE3A9268A}.Release|Any CPU.ActiveCfg = Release|Any CPU
		{F85AD631-3848-4B5B-9BEA-45ACE3A9268A}.Release|Any CPU.Build.0 = Release|Any CPU
		{F85AD631-3848-4B5B-9BEA-45ACE3A9268A}.Release|x64.ActiveCfg = Release|Any CPU
		{F85AD631-3848-4B5B-9BEA-45ACE3A9268A}.Release|x64.Build.0 = Release|Any CPU
		{F85AD631-3848-4B5B-9BEA-45ACE3A9268A}.Release|x86.ActiveCfg = Release|Any CPU
		{F85AD631-3848-4B5B-9BEA-45ACE3A9268A}.Release|x86.Build.0 = Release|Any CPU
		{7C428F29-1480-4CDE-8919-8FEB8E705006}.Debug|Any CPU.ActiveCfg = Debug|Any CPU
		{7C428F29-1480-4CDE-8919-8FEB8E705006}.Debug|Any CPU.Build.0 = Debug|Any CPU
		{7C428F29-1480-4CDE-8919-8FEB8E705006}.Debug|x64.ActiveCfg = Debug|Any CPU
		{7C428F29-1480-4CDE-8919-8FEB8E705006}.Debug|x64.Build.0 = Debug|Any CPU
		{7C428F29-1480-4CDE-8919-8FEB8E705006}.Debug|x86.ActiveCfg = Debug|Any CPU
		{7C428F29-1480-4CDE-8919-8FEB8E705006}.Debug|x86.Build.0 = Debug|Any CPU
		{7C428F29-1480-4CDE-8919-8FEB8E705006}.Release|Any CPU.ActiveCfg = Release|Any CPU
		{7C428F29-1480-4CDE-8919-8FEB8E705006}.Release|Any CPU.Build.0 = Release|Any CPU
		{7C428F29-1480-4CDE-8919-8FEB8E705006}.Release|x64.ActiveCfg = Release|Any CPU
		{7C428F29-1480-4CDE-8919-8FEB8E705006}.Release|x64.Build.0 = Release|Any CPU
		{7C428F29-1480-4CDE-8919-8FEB8E705006}.Release|x86.ActiveCfg = Release|Any CPU
		{7C428F29-1480-4CDE-8919-8FEB8E705006}.Release|x86.Build.0 = Release|Any CPU
		{2E4EF995-7BA9-49DF-9949-E4CCCFEE30B4}.Debug|Any CPU.ActiveCfg = Debug|Any CPU
		{2E4EF995-7BA9-49DF-9949-E4CCCFEE30B4}.Debug|Any CPU.Build.0 = Debug|Any CPU
		{2E4EF995-7BA9-49DF-9949-E4CCCFEE30B4}.Debug|x64.ActiveCfg = Debug|Any CPU
		{2E4EF995-7BA9-49DF-9949-E4CCCFEE30B4}.Debug|x64.Build.0 = Debug|Any CPU
		{2E4EF995-7BA9-49DF-9949-E4CCCFEE30B4}.Debug|x86.ActiveCfg = Debug|Any CPU
		{2E4EF995-7BA9-49DF-9949-E4CCCFEE30B4}.Debug|x86.Build.0 = Debug|Any CPU
		{2E4EF995-7BA9-49DF-9949-E4CCCFEE30B4}.Release|Any CPU.ActiveCfg = Release|Any CPU
		{2E4EF995-7BA9-49DF-9949-E4CCCFEE30B4}.Release|Any CPU.Build.0 = Release|Any CPU
		{2E4EF995-7BA9-49DF-9949-E4CCCFEE30B4}.Release|x64.ActiveCfg = Release|Any CPU
		{2E4EF995-7BA9-49DF-9949-E4CCCFEE30B4}.Release|x64.Build.0 = Release|Any CPU
		{2E4EF995-7BA9-49DF-9949-E4CCCFEE30B4}.Release|x86.ActiveCfg = Release|Any CPU
		{2E4EF995-7BA9-49DF-9949-E4CCCFEE30B4}.Release|x86.Build.0 = Release|Any CPU
		{82ACA1AD-ADFD-4BFD-991F-1270AC2C20EF}.Debug|Any CPU.ActiveCfg = Debug|Any CPU
		{82ACA1AD-ADFD-4BFD-991F-1270AC2C20EF}.Debug|Any CPU.Build.0 = Debug|Any CPU
		{82ACA1AD-ADFD-4BFD-991F-1270AC2C20EF}.Debug|x64.ActiveCfg = Debug|Any CPU
		{82ACA1AD-ADFD-4BFD-991F-1270AC2C20EF}.Debug|x64.Build.0 = Debug|Any CPU
		{82ACA1AD-ADFD-4BFD-991F-1270AC2C20EF}.Debug|x86.ActiveCfg = Debug|Any CPU
		{82ACA1AD-ADFD-4BFD-991F-1270AC2C20EF}.Debug|x86.Build.0 = Debug|Any CPU
		{82ACA1AD-ADFD-4BFD-991F-1270AC2C20EF}.Release|Any CPU.ActiveCfg = Release|Any CPU
		{82ACA1AD-ADFD-4BFD-991F-1270AC2C20EF}.Release|Any CPU.Build.0 = Release|Any CPU
		{82ACA1AD-ADFD-4BFD-991F-1270AC2C20EF}.Release|x64.ActiveCfg = Release|Any CPU
		{82ACA1AD-ADFD-4BFD-991F-1270AC2C20EF}.Release|x64.Build.0 = Release|Any CPU
		{82ACA1AD-ADFD-4BFD-991F-1270AC2C20EF}.Release|x86.ActiveCfg = Release|Any CPU
		{82ACA1AD-ADFD-4BFD-991F-1270AC2C20EF}.Release|x86.Build.0 = Release|Any CPU
	EndGlobalSection
	GlobalSection(SolutionProperties) = preSolution
		HideSolutionNode = FALSE
	EndGlobalSection
	GlobalSection(NestedProjects) = preSolution
		{EC447DCF-ABFA-6E24-52A5-D7FD48A5C558} = {827E0CD3-B72D-47B6-A68D-7590B98EB39B}
		{6EBCFD33-7D2C-6F0C-B60B-6B70B57F5713} = {EC447DCF-ABFA-6E24-52A5-D7FD48A5C558}
		{EBC54468-907F-424A-A2BC-90EE57E5F555} = {6EBCFD33-7D2C-6F0C-B60B-6B70B57F5713}
		{F24E07D6-DC93-439E-B340-E731E80506A9} = {6EBCFD33-7D2C-6F0C-B60B-6B70B57F5713}
		{C6BC5B3C-F535-4F20-A123-8C32EBEF25C1} = {6EBCFD33-7D2C-6F0C-B60B-6B70B57F5713}
		{7DDF9338-E42A-480E-9B6A-BD06BBEFC111} = {6EBCFD33-7D2C-6F0C-B60B-6B70B57F5713}
		{984E5787-9557-4DAD-9BC7-1CA0E3D2117F} = {6EBCFD33-7D2C-6F0C-B60B-6B70B57F5713}
		{35857E43-1D2E-4E22-B033-6CE61FE189DD} = {6EBCFD33-7D2C-6F0C-B60B-6B70B57F5713}
		{192F12F1-5F48-4DDC-9632-F1DFAB32BB48} = {6EBCFD33-7D2C-6F0C-B60B-6B70B57F5713}
		{E4B4037F-889B-4F77-AA3D-AE493305A5A5} = {6EBCFD33-7D2C-6F0C-B60B-6B70B57F5713}
		{99781A7A-6DC5-430D-99C3-D45949DEE635} = {6EBCFD33-7D2C-6F0C-B60B-6B70B57F5713}
		{9950BF00-B93D-471A-846F-FE8E823B8BDE} = {6EBCFD33-7D2C-6F0C-B60B-6B70B57F5713}
		{A6FB3762-6A5F-491E-929F-8A63AC8D2CC7} = {6EBCFD33-7D2C-6F0C-B60B-6B70B57F5713}
		{F7EACFE6-1B4D-4A79-AF43-C348B20AB956} = {6EBCFD33-7D2C-6F0C-B60B-6B70B57F5713}
		{387FE5DA-0B41-4664-9955-23C3A0C64C34} = {6EBCFD33-7D2C-6F0C-B60B-6B70B57F5713}
		{DEE12FA8-376F-4CF1-8DE9-015BF7B7A80B} = {6EBCFD33-7D2C-6F0C-B60B-6B70B57F5713}
		{13B30F81-7861-47F8-BC81-E514B9D4EE36} = {6EBCFD33-7D2C-6F0C-B60B-6B70B57F5713}
		{99F68174-11AD-4C9E-ACBC-E9AEBF07C00C} = {6EBCFD33-7D2C-6F0C-B60B-6B70B57F5713}
		{F85AD631-3848-4B5B-9BEA-45ACE3A9268A} = {6EBCFD33-7D2C-6F0C-B60B-6B70B57F5713}
		{7C428F29-1480-4CDE-8919-8FEB8E705006} = {6EBCFD33-7D2C-6F0C-B60B-6B70B57F5713}
		{2E4EF995-7BA9-49DF-9949-E4CCCFEE30B4} = {6EBCFD33-7D2C-6F0C-B60B-6B70B57F5713}
		{82ACA1AD-ADFD-4BFD-991F-1270AC2C20EF} = {6EBCFD33-7D2C-6F0C-B60B-6B70B57F5713}
	EndGlobalSection
EndGlobal
